
Microsoft Visual Studio Solution File, Format Version 12.00
# Visual Studio Version 16
VisualStudioVersion = 16.0.30320.27
MinimumVisualStudioVersion = 10.0.40219.1
Project("{FAE04EC0-301F-11D3-BF4B-00C04F79EFBC}") = "BinarySearchImplementation", "BinarySearchImplementation\BinarySearchImplementation.csproj", "{C73FF774-8FA9-4E43-9429-99BD4CDC5FC9}"
EndProject
Global
	GlobalSection(SolutionConfigurationPlatforms) = preSolution
		Debug|Any CPU = Debug|Any CPU
		Release|Any CPU = Release|Any CPU
	EndGlobalSection
	GlobalSection(ProjectConfigurationPlatforms) = postSolution
		{C73FF774-8FA9-4E43-9429-99BD4CDC5FC9}.Debug|Any CPU.ActiveCfg = Debug|Any CPU
		{C73FF774-8FA9-4E43-9429-99BD4CDC5FC9}.Debug|Any CPU.Build.0 = Debug|Any CPU
		{C73FF774-8FA9-4E43-9429-99BD4CDC5FC9}.Release|Any CPU.ActiveCfg = Release|Any CPU
		{C73FF774-8FA9-4E43-9429-99BD4CDC5FC9}.Release|Any CPU.Build.0 = Release|Any CPU
	EndGlobalSection
	GlobalSection(SolutionProperties) = preSolution
		HideSolutionNode = FALSE
	EndGlobalSection
	GlobalSection(ExtensibilityGlobals) = postSolution
		SolutionGuid = {62FDE180-B086-48B7-A096-1242719294C7}
	EndGlobalSection
EndGlobal
